PODS:
  - device_info_plus (0.0.1):
    - Flutter
  - document_file_save_plus (0.0.1):
    - Flutter
  - Flutter (1.0.0)
  - JNKeychain (0.1.4)
  - mobile_device_identifier (0.0.1):
    - Flutter
    - JNKeychain
  - network_info_plus (0.0.1):
    - Flutter
  - nsd_ios (0.0.1):
    - Flutter
  - package_info_plus (0.4.5):
    - Flutter
  - path_provider_foundation (0.0.1):
    - Flutter
    - FlutterMacOS
  - saver_gallery (0.0.1):
    - Flutter
  - syncfusion_flutter_pdfviewer (0.0.1):
    - Flutter
  - url_launcher_ios (0.0.1):
    - Flutter
  - webview_flutter_wkwebview (0.0.1):
    - Flutter

DEPENDENCIES:
  - device_info_plus (from `.symlinks/plugins/device_info_plus/ios`)
  - document_file_save_plus (from `.symlinks/plugins/document_file_save_plus/ios`)
  - Flutter (from `Flutter`)
  - mobile_device_identifier (from `.symlinks/plugins/mobile_device_identifier/ios`)
  - network_info_plus (from `.symlinks/plugins/network_info_plus/ios`)
  - nsd_ios (from `.symlinks/plugins/nsd_ios/ios`)
  - package_info_plus (from `.symlinks/plugins/package_info_plus/ios`)
  - path_provider_foundation (from `.symlinks/plugins/path_provider_foundation/darwin`)
  - saver_gallery (from `.symlinks/plugins/saver_gallery/ios`)
  - syncfusion_flutter_pdfviewer (from `.symlinks/plugins/syncfusion_flutter_pdfviewer/ios`)
  - url_launcher_ios (from `.symlinks/plugins/url_launcher_ios/ios`)
  - webview_flutter_wkwebview (from `.symlinks/plugins/webview_flutter_wkwebview/ios`)

SPEC REPOS:
  trunk:
    - JNKeychain

EXTERNAL SOURCES:
  device_info_plus:
    :path: ".symlinks/plugins/device_info_plus/ios"
  document_file_save_plus:
    :path: ".symlinks/plugins/document_file_save_plus/ios"
  Flutter:
    :path: Flutter
  mobile_device_identifier:
    :path: ".symlinks/plugins/mobile_device_identifier/ios"
  network_info_plus:
    :path: ".symlinks/plugins/network_info_plus/ios"
  nsd_ios:
    :path: ".symlinks/plugins/nsd_ios/ios"
  package_info_plus:
    :path: ".symlinks/plugins/package_info_plus/ios"
  path_provider_foundation:
    :path: ".symlinks/plugins/path_provider_foundation/darwin"
  saver_gallery:
    :path: ".symlinks/plugins/saver_gallery/ios"
  syncfusion_flutter_pdfviewer:
    :path: ".symlinks/plugins/syncfusion_flutter_pdfviewer/ios"
  url_launcher_ios:
    :path: ".symlinks/plugins/url_launcher_ios/ios"
  webview_flutter_wkwebview:
    :path: ".symlinks/plugins/webview_flutter_wkwebview/ios"

SPEC CHECKSUMS:
  device_info_plus: 7545d84d8d1b896cb16a4ff98c19f07ec4b298ea
  document_file_save_plus: 913d440d8b611ae19add4522ed578e3ed1483a2f
  Flutter: f04841e97a9d0b0a8025694d0796dd46242b2854
  JNKeychain: fb6cc9ec95959ba46cd95d0ee6f7a05e41da9f42
  mobile_device_identifier: 34f80c8985bb1506880c2ae10cb24cfb9918f1a7
  network_info_plus: 122280582fe2fa2bbb8681a4269745cd5c3a9b32
  nsd_ios: 8c37babdc6538e3350dbed3a52674d2edde98173
  package_info_plus: fd030dabf36271f146f1f3beacd48f564b0f17f7
  path_provider_foundation: 29f094ae23ebbca9d3d0cec13889cd9060c0e943
  saver_gallery: 2b4e584106fde2407ab51560f3851564963e6b78
  syncfusion_flutter_pdfviewer: bb9998884b864cfedf72628df3503bdf57e397c0
  url_launcher_ios: 08a3dfac5fb39e8759aeb0abbd5d9480f30fc8b4
  webview_flutter_wkwebview: 2e2d318f21a5e036e2c3f26171342e95908bd60a

PODFILE CHECKSUM: 70d9d25280d0dd177a5f637cdb0f0b0b12c6a189

COCOAPODS: 1.12.1
